github.com/coltiq/pokedex-cli/internal/pokeapi v0.0.0-20240521132201-91890e697495 h1:4dwFxeT3vCsH7OAw1/qCgMaX9gJPSFfo8+V2NrYuDng=
github.com/coltiq/pokedex-cli/internal/pokeapi v0.0.0-20240521132201-91890e697495/go.mod h1:5aI9lOQNucYdLKGYIhMary58gLIrDJ2dF7J5Bo7NP0g=
github.com/coltiq/pokedex-cli/internal/pokeapi v0.0.0-20240521134953-11e42595167d h1:MJcd3OQYYwO7tBN1xit6GBXGkLgWegGNhex1VR+hDFY=
github.com/coltiq/pokedex-cli/internal/pokeapi v0.0.0-20240521134953-11e42595167d/go.mod h1:5aI9lOQNucYdLKGYIhMary58gLIrDJ2dF7J5Bo7NP0g=
github.com/coltiq/pokedex-cli/internal/pokeapi v0.0.0-20240521164516-e6f6951b469d h1:lIiD4keFA7EwFVi+Db1YXp3neJNqXLbJCZtXtVNEdhc=
github.com/coltiq/pokedex-cli/internal/pokeapi v0.0.0-20240521164516-e6f6951b469d/go.mod h1:5aI9lOQNucYdLKGYIhMary58gLIrDJ2dF7J5Bo7NP0g=
github.com/coltiq/pokedex-cli/internal/pokeapi v0.0.0-20240521211908-0622acf2f560 h1:wb5dbE+Y8aFBItrJ3DLzzaDTgmHLQoNrm8fVzbrt+d0=
github.com/coltiq/pokedex-cli/internal/pokeapi v0.0.0-20240521211908-0622acf2f560/go.mod h1:5aI9lOQNucYdLKGYIhMary58gLIrDJ2dF7J5Bo7NP0g=
github.com/coltiq/pokedex-cli/internal/pokeapi v0.0.0-20240521212835-79b666d4105a h1:GlRJ1o0GN/mvd/kaWwkkYUL0LxR8Uo3Q3CYA2sAMFDg=
github.com/coltiq/pokedex-cli/internal/pokeapi v0.0.0-20240521212835-79b666d4105a/go.mod h1:5aI9lOQNucYdLKGYIhMary58gLIrDJ2dF7J5Bo7NP0g=
github.com/coltiq/pokedex-cli/internal/pokeapi v0.0.0-20240521213623-50fe8bff42ab h1:QeDE856fx84cbu6jUouXcWYdPm/5WpGiZRtbE2VUzl4=
github.com/coltiq/pokedex-cli/internal/pokeapi v0.0.0-20240521213623-50fe8bff42ab/go.mod h1:5aI9lOQNucYdLKGYIhMary58gLIrDJ2dF7J5Bo7NP0g=
github.com/coltiq/pokedex-cli/internal/pokeapi v0.0.0-20240521215536-5c6407ab7e78 h1:6LB2cPmDxxNPCt/z4wBCn9HtXFf1CPYBGR1FjVnI9d8=
github.com/coltiq/pokedex-cli/internal/pokeapi v0.0.0-20240521215536-5c6407ab7e78/go.mod h1:5aI9lOQNucYdLKGYIhMary58gLIrDJ2dF7J5Bo7NP0g=
github.com/coltiq/pokedex-cli/internal/pokeapi v0.0.0-20240521220322-33ce810c915b h1:h8wAo7npNF90C2lCfVCQ3+c1gWExAcjtRsBYhtMoDOU=
github.com/coltiq/pokedex-cli/internal/pokeapi v0.0.0-20240521220322-33ce810c915b/go.mod h1:5aI9lOQNucYdLKGYIhMary58gLIrDJ2dF7J5Bo7NP0g=
github.com/coltiq/pokedex-cli/internal/pokeapi v0.0.0-20240528121952-1cb9c77b414b h1:LcTiBfdNZY5jTHRJE0cir9wJ+KDCjp1YhFN18E+jYl0=
github.com/coltiq/pokedex-cli/internal/pokeapi v0.0.0-20240528121952-1cb9c77b414b/go.mod h1:5aI9lOQNucYdLKGYIhMary58gLIrDJ2dF7J5Bo7NP0g=
github.com/coltiq/pokedex-cli/internal/pokecache v0.0.0-20240521154609-8a3859e782df h1:syP2p3MKw5M22tOjaXxlEZnEofs+QfL5BbeoyMTEFF0=
github.com/coltiq/pokedex-cli/internal/pokecache v0.0.0-20240521154609-8a3859e782df/go.mod h1:jQVGonA9bnb3GoiI0L8Bv/pkmQ6ivj1sY3WzAnsuJEs=
github.com/coltiq/pokedex-cli/internal/pokecache v0.0.0-20240528131921-de372b657f5f h1:S/hFnGhhU34Qp0w+m5XGyCVZMrCSLie/Ty6di2nxihA=
github.com/coltiq/pokedex-cli/internal/pokecache v0.0.0-20240528131921-de372b657f5f/go.mod h1:jQVGonA9bnb3GoiI0L8Bv/pkmQ6ivj1sY3WzAnsuJEs=
